
Microsoft Visual Studio Solution File, Format Version 12.00
# Visual Studio 15
VisualStudioVersion = 15.0.28307.271
MinimumVisualStudioVersion = 10.0.40219.1
Project("{8BC9CEB8-8B4A-11D0-8D11-00A0C91BC942}") = "PassMan", "PassMan\PassMan.vcxproj", "{C2473068-153D-4DE6-80A8-C1B93FD89844}"
EndProject
Project("{54435603-DBB4-11D2-8724-00A0C9A8B90C}") = "Password_Manager", "Password_Manager\Password_Manager.vdproj", "{585746C1-8759-4E02-B380-AE8F5BB63614}"
EndProject
Global
	GlobalSection(SolutionConfigurationPlatforms) = preSolution
		Debug|x64 = Debug|x64
		Debug|x86 = Debug|x86
		Release|x64 = Release|x64
		Release|x86 = Release|x86
	EndGlobalSection
	GlobalSection(ProjectConfigurationPlatforms) = postSolution
		{C2473068-153D-4DE6-80A8-C1B93FD89844}.Debug|x64.ActiveCfg = Debug|x64
		{C2473068-153D-4DE6-80A8-C1B93FD89844}.Debug|x64.Build.0 = Debug|x64
		{C2473068-153D-4DE6-80A8-C1B93FD89844}.Debug|x86.ActiveCfg = Debug|Win32
		{C2473068-153D-4DE6-80A8-C1B93FD89844}.Debug|x86.Build.0 = Debug|Win32
		{C2473068-153D-4DE6-80A8-C1B93FD89844}.Release|x64.ActiveCfg = Release|x64
		{C2473068-153D-4DE6-80A8-C1B93FD89844}.Release|x64.Build.0 = Release|x64
		{C2473068-153D-4DE6-80A8-C1B93FD89844}.Release|x86.ActiveCfg = Release|Win32
		{C2473068-153D-4DE6-80A8-C1B93FD89844}.Release|x86.Build.0 = Release|Win32
		{585746C1-8759-4E02-B380-AE8F5BB63614}.Debug|x64.ActiveCfg = Debug
		{585746C1-8759-4E02-B380-AE8F5BB63614}.Debug|x86.ActiveCfg = Debug
		{585746C1-8759-4E02-B380-AE8F5BB63614}.Release|x64.ActiveCfg = Release
		{585746C1-8759-4E02-B380-AE8F5BB63614}.Release|x86.ActiveCfg = Release
	EndGlobalSection
	GlobalSection(SolutionProperties) = preSolution
		HideSolutionNode = FALSE
	EndGlobalSection
	GlobalSection(ExtensibilityGlobals) = postSolution
		SolutionGuid = {E48C9CFA-0FE6-4833-BB99-4FF7B7FEADE4}
	EndGlobalSection
EndGlobal
